<?xml version="1.0" encoding="utf-8"?>
<Project ToolsVersion="4.0" xmlns="http://schemas.microsoft.com/developer/msbuild/2003">
  <ItemGroup>
    <ClCompile Include="stdafx.cpp" />
    <ClCompile Include="CuteEngine.cpp">
      <Filter>CuteEngine</Filter>
    </ClCompile>
    <ClCompile Include="CuteEngineMath.cpp">
      <Filter>CuteEngine\AdvanceModule</Filter>
    </ClCompile>
    <ClCompile Include="main.cpp" />
    <ClCompile Include="GameApp.cpp">
      <Filter>Game</Filter>
    </ClCompile>
    <ClCompile Include="CuteUtility.cpp">
      <Filter>CuteOther</Filter>
    </ClCompile>
    <ClCompile Include="Image.cpp">
      <Filter>CuteOther</Filter>
    </ClCompile>
    <ClCompile Include="Log.cpp">
      <Filter>CuteOther</Filter>
    </ClCompile>
    <ClCompile Include="HighResolutionTimer.cpp">
      <Filter>CuteOther</Filter>
    </ClCompile>
  </ItemGroup>
  <ItemGroup>
    <ClInclude Include="stdafx.h" />
    <ClInclude Include="CuteEngine.h">
      <Filter>CuteEngine</Filter>
    </ClInclude>
    <ClInclude Include="CuteEngineMath.h">
      <Filter>CuteEngine\AdvanceModule</Filter>
    </ClInclude>
    <ClInclude Include="GameApp.h">
      <Filter>Game</Filter>
    </ClInclude>
    <ClInclude Include="CutePrivate\CuteEngine_Header.h">
      <Filter>CuteEngine\CutePrivate</Filter>
    </ClInclude>
    <ClInclude Include="CutePrivate\CuteEngine_Window.h">
      <Filter>CuteEngine\CutePrivate</Filter>
    </ClInclude>
    <ClInclude Include="CutePrivate\CuteEngine_RHI.h">
      <Filter>CuteEngine\CutePrivate</Filter>
    </ClInclude>
    <ClInclude Include="CutePrivate\CuteEngine_RHIResurces.h">
      <Filter>CuteEngine\CutePrivate</Filter>
    </ClInclude>
    <ClInclude Include="CuteUtility.h">
      <Filter>CuteOther</Filter>
    </ClInclude>
    <ClInclude Include="Image.h">
      <Filter>CuteOther</Filter>
    </ClInclude>
    <ClInclude Include="Log.h">
      <Filter>CuteOther</Filter>
    </ClInclude>
    <ClInclude Include="CutePrivate\CuteEngine_RHICore.h">
      <Filter>CuteEngine\CutePrivate</Filter>
    </ClInclude>
    <ClInclude Include="HighResolutionTimer.h">
      <Filter>CuteOther</Filter>
    </ClInclude>
  </ItemGroup>
  <ItemGroup>
    <Filter Include="CuteEngine">
      <UniqueIdentifier>{727f98d0-9011-4b3c-a1fb-afd7b313ae8b}</UniqueIdentifier>
    </Filter>
    <Filter Include="CuteEngine\AdvanceModule">
      <UniqueIdentifier>{c1749433-a116-477b-beca-4e043340e4ba}</UniqueIdentifier>
    </Filter>
    <Filter Include="Game">
      <UniqueIdentifier>{49f7c305-7791-46b9-aebe-9939155e9229}</UniqueIdentifier>
    </Filter>
    <Filter Include="CuteEngine\CutePrivate">
      <UniqueIdentifier>{2ea2f467-4fea-44b4-b793-42fa7005cdb0}</UniqueIdentifier>
    </Filter>
    <Filter Include="CuteOther">
      <UniqueIdentifier>{440bc530-3e42-440d-92d1-8b505bbedd57}</UniqueIdentifier>
    </Filter>
  </ItemGroup>
</Project>