
Microsoft Visual Studio Solution File, Format Version 12.00
# Visual Studio Version 17
VisualStudioVersion = 17.13.35617.110
MinimumVisualStudioVersion = 10.0.40219.1
Project("{8BC9CEB8-8B4A-11D0-8D11-00A0C91BC942}") = "Game", "Game\Game.vcxproj", "{63015366-8777-4FC5-82F2-BE02654F6CF9}"
	ProjectSection(ProjectDependencies) = postProject
		{2A39E603-4B5B-42C4-8D8D-DBE953A21FF5} = {2A39E603-4B5B-42C4-8D8D-DBE953A21FF5}
		{D2A72B5C-8356-438E-88B3-726A0030119D} = {D2A72B5C-8356-438E-88B3-726A0030119D}
	EndProjectSection
EndProject
Project("{8BC9CEB8-8B4A-11D0-8D11-00A0C91BC942}") = "3rdparty", "3rdparty\3rdparty.vcxproj", "{D2A72B5C-8356-438E-88B3-726A0030119D}"
EndProject
Project("{8BC9CEB8-8B4A-11D0-8D11-00A0C91BC942}") = "Engine", "Engine\Engine.vcxproj", "{2A39E603-4B5B-42C4-8D8D-DBE953A21FF5}"
EndProject
Project("{2150E333-8FDC-42A3-9474-1A3956D46DE8}") = "Элементы решения", "Элементы решения", "{754FC069-D67B-A9D7-50A1-8D1CA196D8F1}"
	ProjectSection(SolutionItems) = preProject
		ref.md = ref.md
	EndProjectSection
EndProject
Global
	GlobalSection(SolutionConfigurationPlatforms) = preSolution
		Debug|x64 = Debug|x64
		Release|x64 = Release|x64
	EndGlobalSection
	GlobalSection(ProjectConfigurationPlatforms) = postSolution
		{63015366-8777-4FC5-82F2-BE02654F6CF9}.Debug|x64.ActiveCfg = Debug|x64
		{63015366-8777-4FC5-82F2-BE02654F6CF9}.Debug|x64.Build.0 = Debug|x64
		{63015366-8777-4FC5-82F2-BE02654F6CF9}.Release|x64.ActiveCfg = Release|x64
		{63015366-8777-4FC5-82F2-BE02654F6CF9}.Release|x64.Build.0 = Release|x64
		{D2A72B5C-8356-438E-88B3-726A0030119D}.Debug|x64.ActiveCfg = Debug|x64
		{D2A72B5C-8356-438E-88B3-726A0030119D}.Debug|x64.Build.0 = Debug|x64
		{D2A72B5C-8356-438E-88B3-726A0030119D}.Release|x64.ActiveCfg = Release|x64
		{D2A72B5C-8356-438E-88B3-726A0030119D}.Release|x64.Build.0 = Release|x64
		{2A39E603-4B5B-42C4-8D8D-DBE953A21FF5}.Debug|x64.ActiveCfg = Debug|x64
		{2A39E603-4B5B-42C4-8D8D-DBE953A21FF5}.Debug|x64.Build.0 = Debug|x64
		{2A39E603-4B5B-42C4-8D8D-DBE953A21FF5}.Release|x64.ActiveCfg = Release|x64
		{2A39E603-4B5B-42C4-8D8D-DBE953A21FF5}.Release|x64.Build.0 = Release|x64
	EndGlobalSection
	GlobalSection(SolutionProperties) = preSolution
		HideSolutionNode = FALSE
	EndGlobalSection
	GlobalSection(ExtensibilityGlobals) = postSolution
		SolutionGuid = {29A4206C-8D27-4A91-83A9-1894F78E44D1}
	EndGlobalSection
EndGlobal
